
Microsoft Visual Studio Solution File, Format Version 12.00
# Visual Studio Version 17
VisualStudioVersion = 17.8.34330.188
MinimumVisualStudioVersion = 10.0.40219.1
Project("{9A19103F-16F7-4668-BE54-9A1E7A4F7556}") = "Northwind.Application", "Northwind.Application\Northwind.Application.csproj", "{68B59F27-BD22-4400-957B-567B2DC38026}"
EndProject
Project("{9A19103F-16F7-4668-BE54-9A1E7A4F7556}") = "Northwind.Data", "Northwind.Data\Northwind.Data.csproj", "{D5EEA2AF-82A1-4BBB-AB9C-1824CFAE9A5D}"
EndProject
Project("{9A19103F-16F7-4668-BE54-9A1E7A4F7556}") = "Northwind.Bll", "Northwind.Bll\Northwind.Bll.csproj", "{E2DF8AA5-A23F-440F-89FA-C5B055AF0D73}"
EndProject
Project("{E53339B2-1760-4266-BCC7-CA923CBCF16C}") = "docker-compose", "docker-compose.dcproj", "{A2E1FF7F-E606-4823-B8BD-146F39746700}"
EndProject
Project("{FAE04EC0-301F-11D3-BF4B-00C04F79EFBC}") = "Northwind.Tests", "..\Northwind.Tests\Northwind.Tests.csproj", "{BFBC68D7-BA40-48A1-BAB9-704D48FEA7DD}"
EndProject
Global
	GlobalSection(SolutionConfigurationPlatforms) = preSolution
		Debug|Any CPU = Debug|Any CPU
		Release|Any CPU = Release|Any CPU
	EndGlobalSection
	GlobalSection(ProjectConfigurationPlatforms) = postSolution
		{68B59F27-BD22-4400-957B-567B2DC38026}.Debug|Any CPU.ActiveCfg = Debug|Any CPU
		{68B59F27-BD22-4400-957B-567B2DC38026}.Debug|Any CPU.Build.0 = Debug|Any CPU
		{68B59F27-BD22-4400-957B-567B2DC38026}.Release|Any CPU.ActiveCfg = Release|Any CPU
		{68B59F27-BD22-4400-957B-567B2DC38026}.Release|Any CPU.Build.0 = Release|Any CPU
		{D5EEA2AF-82A1-4BBB-AB9C-1824CFAE9A5D}.Debug|Any CPU.ActiveCfg = Debug|Any CPU
		{D5EEA2AF-82A1-4BBB-AB9C-1824CFAE9A5D}.Debug|Any CPU.Build.0 = Debug|Any CPU
		{D5EEA2AF-82A1-4BBB-AB9C-1824CFAE9A5D}.Release|Any CPU.ActiveCfg = Release|Any CPU
		{D5EEA2AF-82A1-4BBB-AB9C-1824CFAE9A5D}.Release|Any CPU.Build.0 = Release|Any CPU
		{E2DF8AA5-A23F-440F-89FA-C5B055AF0D73}.Debug|Any CPU.ActiveCfg = Debug|Any CPU
		{E2DF8AA5-A23F-440F-89FA-C5B055AF0D73}.Debug|Any CPU.Build.0 = Debug|Any CPU
		{E2DF8AA5-A23F-440F-89FA-C5B055AF0D73}.Release|Any CPU.ActiveCfg = Release|Any CPU
		{E2DF8AA5-A23F-440F-89FA-C5B055AF0D73}.Release|Any CPU.Build.0 = Release|Any CPU
		{A2E1FF7F-E606-4823-B8BD-146F39746700}.Debug|Any CPU.ActiveCfg = Debug|Any CPU
		{A2E1FF7F-E606-4823-B8BD-146F39746700}.Debug|Any CPU.Build.0 = Debug|Any CPU
		{A2E1FF7F-E606-4823-B8BD-146F39746700}.Release|Any CPU.ActiveCfg = Release|Any CPU
		{A2E1FF7F-E606-4823-B8BD-146F39746700}.Release|Any CPU.Build.0 = Release|Any CPU
		{BFBC68D7-BA40-48A1-BAB9-704D48FEA7DD}.Debug|Any CPU.ActiveCfg = Debug|Any CPU
		{BFBC68D7-BA40-48A1-BAB9-704D48FEA7DD}.Debug|Any CPU.Build.0 = Debug|Any CPU
		{BFBC68D7-BA40-48A1-BAB9-704D48FEA7DD}.Release|Any CPU.ActiveCfg = Release|Any CPU
		{BFBC68D7-BA40-48A1-BAB9-704D48FEA7DD}.Release|Any CPU.Build.0 = Release|Any CPU
	EndGlobalSection
	GlobalSection(SolutionProperties) = preSolution
		HideSolutionNode = FALSE
	EndGlobalSection
	GlobalSection(ExtensibilityGlobals) = postSolution
		SolutionGuid = {72B04410-0C93-4D28-9F39-75DA66BF8928}
	EndGlobalSection
EndGlobal
